
Microsoft Visual Studio Solution File, Format Version 12.00
# Visual Studio 15
VisualStudioVersion = 15.0.28307.2017
MinimumVisualStudioVersion = 10.0.40219.1
Project("{8BC9CEB8-8B4A-11D0-8D11-00A0C91BC942}") = "Sandbox", "Sandbox\Sandbox.vcxproj", "{7DAF943C-67B2-43EB-8169-562017E80E18}"
EndProject
Project("{8BC9CEB8-8B4A-11D0-8D11-00A0C91BC942}") = "Bestir", "Bestir\Bestir.vcxproj", "{88E90B7F-EDE2-4A8C-BA81-223A3832A065}"
EndProject
Global
	GlobalSection(SolutionConfigurationPlatforms) = preSolution
		Debug|x64 = Debug|x64
		Release|x64 = Release|x64
	EndGlobalSection
	GlobalSection(ProjectConfigurationPlatforms) = postSolution
		{88E90B7F-EDE2-4A8C-BA81-223A3832A065}.Debug|x64.ActiveCfg = Debug|x64
		{88E90B7F-EDE2-4A8C-BA81-223A3832A065}.Debug|x64.Build.0 = Debug|x64
		{88E90B7F-EDE2-4A8C-BA81-223A3832A065}.Release|x64.ActiveCfg = Release|x64
		{88E90B7F-EDE2-4A8C-BA81-223A3832A065}.Release|x64.Build.0 = Release|x64
		{7DAF943C-67B2-43EB-8169-562017E80E18}.Debug|x64.ActiveCfg = Debug|x64
		{7DAF943C-67B2-43EB-8169-562017E80E18}.Debug|x64.Build.0 = Debug|x64
		{7DAF943C-67B2-43EB-8169-562017E80E18}.Release|x64.ActiveCfg = Release|x64
		{7DAF943C-67B2-43EB-8169-562017E80E18}.Release|x64.Build.0 = Release|x64
	EndGlobalSection
	GlobalSection(SolutionProperties) = preSolution
		HideSolutionNode = FALSE
	EndGlobalSection
	GlobalSection(ExtensibilityGlobals) = postSolution
		SolutionGuid = {E00C011A-AA0D-4812-8024-E0641CDC4416}
	EndGlobalSection
EndGlobal
